
Microsoft Visual Studio Solution File, Format Version 12.00
# Visual Studio Version 17
VisualStudioVersion = 17.5.33502.453
MinimumVisualStudioVersion = 10.0.40219.1
Project("{FAE04EC0-301F-11D3-BF4B-00C04F79EFBC}") = "randomNumberRoller", "randomNumberRoller.csproj", "{09EA040F-CF42-44BF-B015-00B7FF150C7A}"
EndProject
Global
	GlobalSection(SolutionConfigurationPlatforms) = preSolution
		Debug|Any CPU = Debug|Any CPU
		Release|Any CPU = Release|Any CPU
	EndGlobalSection
	GlobalSection(ProjectConfigurationPlatforms) = postSolution
		{09EA040F-CF42-44BF-B015-00B7FF150C7A}.Debug|Any CPU.ActiveCfg = Debug|Any CPU
		{09EA040F-CF42-44BF-B015-00B7FF150C7A}.Debug|Any CPU.Build.0 = Debug|Any CPU
		{09EA040F-CF42-44BF-B015-00B7FF150C7A}.Release|Any CPU.ActiveCfg = Release|Any CPU
		{09EA040F-CF42-44BF-B015-00B7FF150C7A}.Release|Any CPU.Build.0 = Release|Any CPU
	EndGlobalSection
	GlobalSection(SolutionProperties) = preSolution
		HideSolutionNode = FALSE
	EndGlobalSection
	GlobalSection(ExtensibilityGlobals) = postSolution
		SolutionGuid = {AB866CA0-058A-4430-9250-C381168903D4}
	EndGlobalSection
EndGlobal
