
Microsoft Visual Studio Solution File, Format Version 12.00
# Visual Studio Version 17
VisualStudioVersion = 17.5.33502.453
MinimumVisualStudioVersion = 10.0.40219.1
Project("{FAE04EC0-301F-11D3-BF4B-00C04F79EFBC}") = "variableTypeSeperator", "variableTypeSeperator\variableTypeSeperator.csproj", "{7654BA6F-1826-41B7-8634-C348C9F33801}"
EndProject
Global
	GlobalSection(SolutionConfigurationPlatforms) = preSolution
		Debug|Any CPU = Debug|Any CPU
		Release|Any CPU = Release|Any CPU
	EndGlobalSection
	GlobalSection(ProjectConfigurationPlatforms) = postSolution
		{7654BA6F-1826-41B7-8634-C348C9F33801}.Debug|Any CPU.ActiveCfg = Debug|Any CPU
		{7654BA6F-1826-41B7-8634-C348C9F33801}.Debug|Any CPU.Build.0 = Debug|Any CPU
		{7654BA6F-1826-41B7-8634-C348C9F33801}.Release|Any CPU.ActiveCfg = Release|Any CPU
		{7654BA6F-1826-41B7-8634-C348C9F33801}.Release|Any CPU.Build.0 = Release|Any CPU
	EndGlobalSection
	GlobalSection(SolutionProperties) = preSolution
		HideSolutionNode = FALSE
	EndGlobalSection
	GlobalSection(ExtensibilityGlobals) = postSolution
		SolutionGuid = {12AA51EB-963B-4DE4-A44B-056716CFFA70}
	EndGlobalSection
EndGlobal
